
Microsoft Visual Studio Solution File, Format Version 12.00
Project("{FAE04EC0-301F-11D3-BF4B-00C04F79EFBC}") = "FUFC.Scrapers", "FUFC.Scrapers\FUFC.Scrapers.csproj", "{1994D1B3-D905-4F4C-91B2-A641E6E2BE3F}"
EndProject
Project("{FAE04EC0-301F-11D3-BF4B-00C04F79EFBC}") = "FUFC.Shared", "FUFC.Shared\FUFC.Shared.csproj", "{332DF034-A593-4383-BB26-ED1C7118FAE6}"
EndProject
Project("{FAE04EC0-301F-11D3-BF4B-00C04F79EFBC}") = "FUFC.API", "FUFC.API\FUFC.API.csproj", "{BE8FD9D0-C0DC-4F98-A6D5-220F3E266E22}"
EndProject
Global
	GlobalSection(SolutionConfigurationPlatforms) = preSolution
		Debug|Any CPU = Debug|Any CPU
		Release|Any CPU = Release|Any CPU
	EndGlobalSection
	GlobalSection(ProjectConfigurationPlatforms) = postSolution
		{1994D1B3-D905-4F4C-91B2-A641E6E2BE3F}.Debug|Any CPU.ActiveCfg = Debug|Any CPU
		{1994D1B3-D905-4F4C-91B2-A641E6E2BE3F}.Debug|Any CPU.Build.0 = Debug|Any CPU
		{1994D1B3-D905-4F4C-91B2-A641E6E2BE3F}.Release|Any CPU.ActiveCfg = Release|Any CPU
		{1994D1B3-D905-4F4C-91B2-A641E6E2BE3F}.Release|Any CPU.Build.0 = Release|Any CPU
		{332DF034-A593-4383-BB26-ED1C7118FAE6}.Debug|Any CPU.ActiveCfg = Debug|Any CPU
		{332DF034-A593-4383-BB26-ED1C7118FAE6}.Debug|Any CPU.Build.0 = Debug|Any CPU
		{332DF034-A593-4383-BB26-ED1C7118FAE6}.Release|Any CPU.ActiveCfg = Release|Any CPU
		{332DF034-A593-4383-BB26-ED1C7118FAE6}.Release|Any CPU.Build.0 = Release|Any CPU
		{BE8FD9D0-C0DC-4F98-A6D5-220F3E266E22}.Debug|Any CPU.ActiveCfg = Debug|Any CPU
		{BE8FD9D0-C0DC-4F98-A6D5-220F3E266E22}.Debug|Any CPU.Build.0 = Debug|Any CPU
		{BE8FD9D0-C0DC-4F98-A6D5-220F3E266E22}.Release|Any CPU.ActiveCfg = Release|Any CPU
		{BE8FD9D0-C0DC-4F98-A6D5-220F3E266E22}.Release|Any CPU.Build.0 = Release|Any CPU
	EndGlobalSection
EndGlobal
